<?xml version="1.0" encoding="UTF-8"?>
<CodeBlocks_project_file>
	<FileVersion major="1" minor="6"/>
	<Project>
		<Option title="ps_parprog_2021"/>
		<Option makefile_is_custom="1"/>
		<Option compiler="gcc"/>
		<Option virtualFolders="CMake Files\;"/>
		<Build>
			<Target title="all">
				<Option working_dir="/home/benedikt/CLionProjects/ps_parprog_2021/04"/>
				<Option type="4"/>
				<MakeCommands>
					<Build command="/usr/bin/make -f &quot;/home/benedikt/CLionProjects/ps_parprog_2021/04/Makefile&quot;  VERBOSE=1 all"/>
					<CompileFile command="/usr/bin/make -f &quot;/home/benedikt/CLionProjects/ps_parprog_2021/04/Makefile&quot;  VERBOSE=1 &quot;$file&quot;"/>
					<Clean command="/usr/bin/make -f &quot;/home/benedikt/CLionProjects/ps_parprog_2021/04/Makefile&quot;  VERBOSE=1 clean"/>
					<DistClean command="/usr/bin/make -f &quot;/home/benedikt/CLionProjects/ps_parprog_2021/04/Makefile&quot;  VERBOSE=1 clean"/>
				</MakeCommands>
			</Target>
			<Target title="rebuild_cache">
				<Option working_dir="/home/benedikt/CLionProjects/ps_parprog_2021/04"/>
				<Option type="4"/>
				<MakeCommands>
					<Build command="/usr/bin/make -f &quot;/home/benedikt/CLionProjects/ps_parprog_2021/04/Makefile&quot;  VERBOSE=1 rebuild_cache"/>
					<CompileFile command="/usr/bin/make -f &quot;/home/benedikt/CLionProjects/ps_parprog_2021/04/Makefile&quot;  VERBOSE=1 &quot;$file&quot;"/>
					<Clean command="/usr/bin/make -f &quot;/home/benedikt/CLionProjects/ps_parprog_2021/04/Makefile&quot;  VERBOSE=1 clean"/>
					<DistClean command="/usr/bin/make -f &quot;/home/benedikt/CLionProjects/ps_parprog_2021/04/Makefile&quot;  VERBOSE=1 clean"/>
				</MakeCommands>
			</Target>
			<Target title="task1">
				<Option output="/home/benedikt/CLionProjects/ps_parprog_2021/04/task1" prefix_auto="0" extension_auto="0"/>
				<Option working_dir="/home/benedikt/CLionProjects/ps_parprog_2021/04"/>
				<Option object_output="./"/>
				<Option type="1"/>
				<Option compiler="gcc"/>
				<Compiler/>
				<MakeCommands>
					<Build command="/usr/bin/make -f &quot;/home/benedikt/CLionProjects/ps_parprog_2021/04/Makefile&quot;  VERBOSE=1 task1"/>
					<CompileFile command="/usr/bin/make -f &quot;/home/benedikt/CLionProjects/ps_parprog_2021/04/Makefile&quot;  VERBOSE=1 &quot;$file&quot;"/>
					<Clean command="/usr/bin/make -f &quot;/home/benedikt/CLionProjects/ps_parprog_2021/04/Makefile&quot;  VERBOSE=1 clean"/>
					<DistClean command="/usr/bin/make -f &quot;/home/benedikt/CLionProjects/ps_parprog_2021/04/Makefile&quot;  VERBOSE=1 clean"/>
				</MakeCommands>
			</Target>
			<Target title="task1/fast">
				<Option output="/home/benedikt/CLionProjects/ps_parprog_2021/04/task1" prefix_auto="0" extension_auto="0"/>
				<Option working_dir="/home/benedikt/CLionProjects/ps_parprog_2021/04"/>
				<Option object_output="./"/>
				<Option type="1"/>
				<Option compiler="gcc"/>
				<Compiler/>
				<MakeCommands>
					<Build command="/usr/bin/make -f &quot;/home/benedikt/CLionProjects/ps_parprog_2021/04/Makefile&quot;  VERBOSE=1 task1/fast"/>
					<CompileFile command="/usr/bin/make -f &quot;/home/benedikt/CLionProjects/ps_parprog_2021/04/Makefile&quot;  VERBOSE=1 &quot;$file&quot;"/>
					<Clean command="/usr/bin/make -f &quot;/home/benedikt/CLionProjects/ps_parprog_2021/04/Makefile&quot;  VERBOSE=1 clean"/>
					<DistClean command="/usr/bin/make -f &quot;/home/benedikt/CLionProjects/ps_parprog_2021/04/Makefile&quot;  VERBOSE=1 clean"/>
				</MakeCommands>
			</Target>
			<Target title="task2">
				<Option output="/home/benedikt/CLionProjects/ps_parprog_2021/04/task2" prefix_auto="0" extension_auto="0"/>
				<Option working_dir="/home/benedikt/CLionProjects/ps_parprog_2021/04"/>
				<Option object_output="./"/>
				<Option type="1"/>
				<Option compiler="gcc"/>
				<Compiler/>
				<MakeCommands>
					<Build command="/usr/bin/make -f &quot;/home/benedikt/CLionProjects/ps_parprog_2021/04/Makefile&quot;  VERBOSE=1 task2"/>
					<CompileFile command="/usr/bin/make -f &quot;/home/benedikt/CLionProjects/ps_parprog_2021/04/Makefile&quot;  VERBOSE=1 &quot;$file&quot;"/>
					<Clean command="/usr/bin/make -f &quot;/home/benedikt/CLionProjects/ps_parprog_2021/04/Makefile&quot;  VERBOSE=1 clean"/>
					<DistClean command="/usr/bin/make -f &quot;/home/benedikt/CLionProjects/ps_parprog_2021/04/Makefile&quot;  VERBOSE=1 clean"/>
				</MakeCommands>
			</Target>
			<Target title="task2/fast">
				<Option output="/home/benedikt/CLionProjects/ps_parprog_2021/04/task2" prefix_auto="0" extension_auto="0"/>
				<Option working_dir="/home/benedikt/CLionProjects/ps_parprog_2021/04"/>
				<Option object_output="./"/>
				<Option type="1"/>
				<Option compiler="gcc"/>
				<Compiler/>
				<MakeCommands>
					<Build command="/usr/bin/make -f &quot;/home/benedikt/CLionProjects/ps_parprog_2021/04/Makefile&quot;  VERBOSE=1 task2/fast"/>
					<CompileFile command="/usr/bin/make -f &quot;/home/benedikt/CLionProjects/ps_parprog_2021/04/Makefile&quot;  VERBOSE=1 &quot;$file&quot;"/>
					<Clean command="/usr/bin/make -f &quot;/home/benedikt/CLionProjects/ps_parprog_2021/04/Makefile&quot;  VERBOSE=1 clean"/>
					<DistClean command="/usr/bin/make -f &quot;/home/benedikt/CLionProjects/ps_parprog_2021/04/Makefile&quot;  VERBOSE=1 clean"/>
				</MakeCommands>
			</Target>
			<Target title="edit_cache">
				<Option working_dir="/home/benedikt/CLionProjects/ps_parprog_2021/04"/>
				<Option type="4"/>
				<MakeCommands>
					<Build command="/usr/bin/make -f &quot;/home/benedikt/CLionProjects/ps_parprog_2021/04/Makefile&quot;  VERBOSE=1 edit_cache"/>
					<CompileFile command="/usr/bin/make -f &quot;/home/benedikt/CLionProjects/ps_parprog_2021/04/Makefile&quot;  VERBOSE=1 &quot;$file&quot;"/>
					<Clean command="/usr/bin/make -f &quot;/home/benedikt/CLionProjects/ps_parprog_2021/04/Makefile&quot;  VERBOSE=1 clean"/>
					<DistClean command="/usr/bin/make -f &quot;/home/benedikt/CLionProjects/ps_parprog_2021/04/Makefile&quot;  VERBOSE=1 clean"/>
				</MakeCommands>
			</Target>
			<Target title="task3">
				<Option output="/home/benedikt/CLionProjects/ps_parprog_2021/04/task3" prefix_auto="0" extension_auto="0"/>
				<Option working_dir="/home/benedikt/CLionProjects/ps_parprog_2021/04"/>
				<Option object_output="./"/>
				<Option type="1"/>
				<Option compiler="gcc"/>
				<Compiler/>
				<MakeCommands>
					<Build command="/usr/bin/make -f &quot;/home/benedikt/CLionProjects/ps_parprog_2021/04/Makefile&quot;  VERBOSE=1 task3"/>
					<CompileFile command="/usr/bin/make -f &quot;/home/benedikt/CLionProjects/ps_parprog_2021/04/Makefile&quot;  VERBOSE=1 &quot;$file&quot;"/>
					<Clean command="/usr/bin/make -f &quot;/home/benedikt/CLionProjects/ps_parprog_2021/04/Makefile&quot;  VERBOSE=1 clean"/>
					<DistClean command="/usr/bin/make -f &quot;/home/benedikt/CLionProjects/ps_parprog_2021/04/Makefile&quot;  VERBOSE=1 clean"/>
				</MakeCommands>
			</Target>
			<Target title="task3/fast">
				<Option output="/home/benedikt/CLionProjects/ps_parprog_2021/04/task3" prefix_auto="0" extension_auto="0"/>
				<Option working_dir="/home/benedikt/CLionProjects/ps_parprog_2021/04"/>
				<Option object_output="./"/>
				<Option type="1"/>
				<Option compiler="gcc"/>
				<Compiler/>
				<MakeCommands>
					<Build command="/usr/bin/make -f &quot;/home/benedikt/CLionProjects/ps_parprog_2021/04/Makefile&quot;  VERBOSE=1 task3/fast"/>
					<CompileFile command="/usr/bin/make -f &quot;/home/benedikt/CLionProjects/ps_parprog_2021/04/Makefile&quot;  VERBOSE=1 &quot;$file&quot;"/>
					<Clean command="/usr/bin/make -f &quot;/home/benedikt/CLionProjects/ps_parprog_2021/04/Makefile&quot;  VERBOSE=1 clean"/>
					<DistClean command="/usr/bin/make -f &quot;/home/benedikt/CLionProjects/ps_parprog_2021/04/Makefile&quot;  VERBOSE=1 clean"/>
				</MakeCommands>
			</Target>
		</Build>
		<Unit filename="/home/benedikt/CLionProjects/ps_parprog_2021/04/task1/example.c">
			<Option target="task1"/>
		</Unit>
		<Unit filename="/home/benedikt/CLionProjects/ps_parprog_2021/04/task2/flush.c">
			<Option target="task2"/>
		</Unit>
		<Unit filename="/home/benedikt/CLionProjects/ps_parprog_2021/04/task3/merge_recursive.c">
			<Option target="task3"/>
		</Unit>
		<Unit filename="/home/benedikt/CLionProjects/ps_parprog_2021/04/CMakeLists.txt">
			<Option virtualFolder="CMake Files\"/>
		</Unit>
	</Project>
</CodeBlocks_project_file>
